
Microsoft Visual Studio Solution File, Format Version 12.00
# Visual Studio Version 17
VisualStudioVersion = 17.7.34202.233
MinimumVisualStudioVersion = 10.0.40219.1
Project("{FAE04EC0-301F-11D3-BF4B-00C04F79EFBC}") = "Confiamed.Forms", "confiamed.forms\Confiamed.Forms.csproj", "{2CBCCB5B-B4BB-45F4-B74C-30DAD3DE3E32}"
EndProject
Project("{FAE04EC0-301F-11D3-BF4B-00C04F79EFBC}") = "Confiamed.Domain", "confiamed.domain\Confiamed.Domain.csproj", "{8C772515-A20D-4CA4-8F89-A93E712C75EB}"
EndProject
Project("{FAE04EC0-301F-11D3-BF4B-00C04F79EFBC}") = "Confiamed.Application", "confiamed.application\Confiamed.Application.csproj", "{5F0325DD-6213-4FD0-B7E7-FFC3E1F4B7FC}"
EndProject
Global
	GlobalSection(SolutionConfigurationPlatforms) = preSolution
		Debug|Any CPU = Debug|Any CPU
		Release|Any CPU = Release|Any CPU
	EndGlobalSection
	GlobalSection(ProjectConfigurationPlatforms) = postSolution
		{2CBCCB5B-B4BB-45F4-B74C-30DAD3DE3E32}.Debug|Any CPU.ActiveCfg = Debug|Any CPU
		{2CBCCB5B-B4BB-45F4-B74C-30DAD3DE3E32}.Debug|Any CPU.Build.0 = Debug|Any CPU
		{2CBCCB5B-B4BB-45F4-B74C-30DAD3DE3E32}.Release|Any CPU.ActiveCfg = Release|Any CPU
		{2CBCCB5B-B4BB-45F4-B74C-30DAD3DE3E32}.Release|Any CPU.Build.0 = Release|Any CPU
		{8C772515-A20D-4CA4-8F89-A93E712C75EB}.Debug|Any CPU.ActiveCfg = Debug|Any CPU
		{8C772515-A20D-4CA4-8F89-A93E712C75EB}.Debug|Any CPU.Build.0 = Debug|Any CPU
		{8C772515-A20D-4CA4-8F89-A93E712C75EB}.Release|Any CPU.ActiveCfg = Release|Any CPU
		{8C772515-A20D-4CA4-8F89-A93E712C75EB}.Release|Any CPU.Build.0 = Release|Any CPU
		{5F0325DD-6213-4FD0-B7E7-FFC3E1F4B7FC}.Debug|Any CPU.ActiveCfg = Debug|Any CPU
		{5F0325DD-6213-4FD0-B7E7-FFC3E1F4B7FC}.Debug|Any CPU.Build.0 = Debug|Any CPU
		{5F0325DD-6213-4FD0-B7E7-FFC3E1F4B7FC}.Release|Any CPU.ActiveCfg = Release|Any CPU
		{5F0325DD-6213-4FD0-B7E7-FFC3E1F4B7FC}.Release|Any CPU.Build.0 = Release|Any CPU
	EndGlobalSection
	GlobalSection(SolutionProperties) = preSolution
		HideSolutionNode = FALSE
	EndGlobalSection
	GlobalSection(ExtensibilityGlobals) = postSolution
		SolutionGuid = {BDD7205B-9090-41A7-A28F-FC4ECACDCC92}
	EndGlobalSection
EndGlobal
